# THIS IS AN AUTOGENERATED FILE. DO NOT EDIT THIS FILE DIRECTLY.
# yarn lockfile v1


"@datastructures-js/heap@^4.3.1":
  version "4.3.2"
  resolved "https://registry.npmjs.org/@datastructures-js/heap/-/heap-4.3.2.tgz"
  integrity sha512-7/9QSsIZ+wMG3C9++mz9iOjdtTp9C036PISHvNjG3eyFO8nXOBJQFKgeV7M6/+EPl+oXXFRGBb8Ue60LsqTqGw==

"@datastructures-js/priority-queue@6.3.0":
  version "6.3.0"
  resolved "https://registry.yarnpkg.com/@datastructures-js/priority-queue/-/priority-queue-6.3.0.tgz#f28e89488fa8723c54a922af41e16f5f410a8116"
  integrity sha512-bJkryPys8zVYMCSjyBPYzJlw5V2kMeOYzGHRBXiGkwqTv8vZ/Ux5RO736T8Y6l3cH+ocbQV9UxlsFwA9qI4VhA==
  dependencies:
    "@datastructures-js/heap" "^4.3.1"

typescript@5.1.6:
  version "5.1.6"
  resolved "https://registry.yarnpkg.com/typescript/-/typescript-5.1.6.tgz#02f8ac202b6dad2c0dd5e0913745b47a37998274"
  integrity sha512-zaWCozRZ6DLEWAWFrVDz1H6FVXzUSfTy5FUMWsQlU8Ym5JP9eO4xkTIROFCQvhQf61z6O/G6ugw3SgAnvvm+HA==
